
Microsoft Visual Studio Solution File, Format Version 12.00
# Visual Studio Version 17
VisualStudioVersion = 17.7.34202.233
MinimumVisualStudioVersion = 10.0.40219.1
Project("{9A19103F-16F7-4668-BE54-9A1E7A4F7556}") = "First App", "First App\First App.csproj", "{FE5E85EA-A6C7-46E6-BD7C-5014CC2C846D}"
EndProject
Project("{9A19103F-16F7-4668-BE54-9A1E7A4F7556}") = "secondApp", "secondApp\secondApp.csproj", "{54665F1A-7A27-4ECA-80D7-503F5C549750}"
EndProject
Project("{9A19103F-16F7-4668-BE54-9A1E7A4F7556}") = "winApp", "winApp\winApp.csproj", "{F440E6D0-9AEC-4F08-961A-5026E29DF9DF}"
EndProject
Project("{9A19103F-16F7-4668-BE54-9A1E7A4F7556}") = "amelinApp", "amelinApp\amelinApp.csproj", "{1CE72418-656D-4D0E-BE40-E849D7DA68AD}"
EndProject
Project("{9A19103F-16F7-4668-BE54-9A1E7A4F7556}") = "myApp", "myApp\myApp.csproj", "{05079059-371C-4E08-86E5-90A86C05E30F}"
EndProject
Project("{2150E333-8FDC-42A3-9474-1A3956D46DE8}") = "EmpSyatem", "EmpSyatem", "{1D5F1E7C-EC88-4DFF-8CDD-2529A039BEA8}"
EndProject
Project("{9A19103F-16F7-4668-BE54-9A1E7A4F7556}") = "EmpLib", "EmpLib\EmpLib.csproj", "{890A4AFA-1836-4F32-A2DB-7FE1A8F2E073}"
EndProject
Project("{9A19103F-16F7-4668-BE54-9A1E7A4F7556}") = "EmpConsole", "EmpConsole\EmpConsole.csproj", "{5CA96656-24D3-468E-8AC4-6099E3763036}"
EndProject
Project("{2150E333-8FDC-42A3-9474-1A3956D46DE8}") = "PL", "PL", "{B1332A5C-6A64-4390-A8DD-8AE0924D7496}"
EndProject
Project("{2150E333-8FDC-42A3-9474-1A3956D46DE8}") = "BL", "BL", "{B3DE3504-574E-46C1-B88B-0D9AC896DBB6}"
EndProject
Project("{9A19103F-16F7-4668-BE54-9A1E7A4F7556}") = "EmpForms", "EmpForms\EmpForms.csproj", "{755B5DFA-C5A7-4823-99F6-90E112617E0B}"
EndProject
Project("{9A19103F-16F7-4668-BE54-9A1E7A4F7556}") = "Delegates", "Delegates\Delegates.csproj", "{3687AC0D-95A4-432D-9DC4-45585A6D41F5}"
EndProject
Project("{2150E333-8FDC-42A3-9474-1A3956D46DE8}") = "DAL", "DAL", "{42FA297A-3FA9-4990-AD39-26907492D3EB}"
EndProject
Project("{9A19103F-16F7-4668-BE54-9A1E7A4F7556}") = "TestDal", "TestDal\TestDal.csproj", "{9D1D0034-E068-4498-BE87-B047FD3DD60C}"
EndProject
Project("{9A19103F-16F7-4668-BE54-9A1E7A4F7556}") = "LabDal", "LabDal\LabDal.csproj", "{EF81E951-F5C6-4F4D-B7EB-D79A27601ABE}"
EndProject
Project("{9A19103F-16F7-4668-BE54-9A1E7A4F7556}") = "TestDbConsole", "TestDbConsole\TestDbConsole.csproj", "{FFB04983-365D-4318-9AC9-F5F255C55C0F}"
EndProject
Project("{9A19103F-16F7-4668-BE54-9A1E7A4F7556}") = "DbFirstEF", "DbFirstEF\DbFirstEF.csproj", "{1765242E-553B-4985-B668-AB2392E0D189}"
EndProject
Project("{9A19103F-16F7-4668-BE54-9A1E7A4F7556}") = "SampleWebApp", "SampleWebApp\SampleWebApp.csproj", "{9286EF9D-EAA1-49CF-AADC-86CF54E01661}"
EndProject
Project("{9A19103F-16F7-4668-BE54-9A1E7A4F7556}") = "EmpDal", "EmpDal\EmpDal.csproj", "{984FE3C1-BB1F-4782-ACF1-665700E0BF32}"
EndProject
Project("{2150E333-8FDC-42A3-9474-1A3956D46DE8}") = "ProductTemplate", "ProductTemplate", "{3441D2B8-080D-4D5D-9FFC-4D2D6A28B2EE}"
EndProject
Project("{9A19103F-16F7-4668-BE54-9A1E7A4F7556}") = "WebPL", "WebPL\WebPL.csproj", "{A7079671-C974-4143-AB0E-611E771CEC52}"
EndProject
Project("{9A19103F-16F7-4668-BE54-9A1E7A4F7556}") = "BLLib1", "BLLib1\BLLib1.csproj", "{8EC2E4AB-A3F3-477D-9C07-2EB3F3EE24C9}"
EndProject
Project("{9A19103F-16F7-4668-BE54-9A1E7A4F7556}") = "BLLib2", "BLLib2\BLLib2.csproj", "{59E4B4FF-82C3-45F9-AAFF-13855F560566}"
EndProject
Project("{9A19103F-16F7-4668-BE54-9A1E7A4F7556}") = "DalLib", "DalLib\DalLib.csproj", "{09B53C0F-1777-49F8-B1CA-7C722D6FE620}"
EndProject
Project("{9A19103F-16F7-4668-BE54-9A1E7A4F7556}") = "ServiceApi", "ServiceApi\ServiceApi.csproj", "{9E31FA0C-07F1-4225-9A73-FAFBDFC8D207}"
EndProject
Project("{9A19103F-16F7-4668-BE54-9A1E7A4F7556}") = "EmployeeWebApp", "EmployeeWebApp\EmployeeWebApp.csproj", "{EF1D3DB3-89B5-45EA-9A20-BE744A5D73C5}"
EndProject
Project("{9A19103F-16F7-4668-BE54-9A1E7A4F7556}") = "FirstApi", "FirstApi\FirstApi.csproj", "{19915BAE-7D54-4217-8C12-29A6F1A0F9E3}"
EndProject
Project("{9A19103F-16F7-4668-BE54-9A1E7A4F7556}") = "DependencyInjection", "DependencyInjection\DependencyInjection.csproj", "{73648E90-B90D-413C-9CCA-99ABDE05EA14}"
EndProject
Project("{9A19103F-16F7-4668-BE54-9A1E7A4F7556}") = "IndividualAuth", "IndividualAuth\IndividualAuth.csproj", "{F579B2C3-D685-426B-A5D8-7C51007EE454}"
EndProject
Project("{9A19103F-16F7-4668-BE54-9A1E7A4F7556}") = "WindowsAuthApi", "WindowsAuthApi\WindowsAuthApi.csproj", "{DD73A82A-F10E-445B-ABBC-D07A5546E333}"
EndProject
Project("{9A19103F-16F7-4668-BE54-9A1E7A4F7556}") = "JWTAuth", "JWTAuth\JWTAuth.csproj", "{9F5F3F6D-E5BB-4D7F-BCA0-ABAA2383399F}"
EndProject
Project("{2150E333-8FDC-42A3-9474-1A3956D46DE8}") = "WebApiClients", "WebApiClients", "{8630FE7D-779E-4C38-91F5-0017C6AD091F}"
EndProject
Project("{FAE04EC0-301F-11D3-BF4B-00C04F79EFBC}") = "ConsoleClient", "ConsoleClient\ConsoleClient.csproj", "{3DDCB1D1-5FF5-4B59-87EE-C3EFABC56DEE}"
EndProject
Project("{FAE04EC0-301F-11D3-BF4B-00C04F79EFBC}") = "AsyncAwait", "AsyncAwait\AsyncAwait.csproj", "{E3886646-5755-4D8C-BD1C-613F4D2C3623}"
EndProject
Global
	GlobalSection(SolutionConfigurationPlatforms) = preSolution
		Debug|Any CPU = Debug|Any CPU
		Release|Any CPU = Release|Any CPU
	EndGlobalSection
	GlobalSection(ProjectConfigurationPlatforms) = postSolution
		{FE5E85EA-A6C7-46E6-BD7C-5014CC2C846D}.Debug|Any CPU.ActiveCfg = Debug|Any CPU
		{FE5E85EA-A6C7-46E6-BD7C-5014CC2C846D}.Debug|Any CPU.Build.0 = Debug|Any CPU
		{FE5E85EA-A6C7-46E6-BD7C-5014CC2C846D}.Release|Any CPU.ActiveCfg = Release|Any CPU
		{FE5E85EA-A6C7-46E6-BD7C-5014CC2C846D}.Release|Any CPU.Build.0 = Release|Any CPU
		{54665F1A-7A27-4ECA-80D7-503F5C549750}.Debug|Any CPU.ActiveCfg = Debug|Any CPU
		{54665F1A-7A27-4ECA-80D7-503F5C549750}.Debug|Any CPU.Build.0 = Debug|Any CPU
		{54665F1A-7A27-4ECA-80D7-503F5C549750}.Release|Any CPU.ActiveCfg = Release|Any CPU
		{54665F1A-7A27-4ECA-80D7-503F5C549750}.Release|Any CPU.Build.0 = Release|Any CPU
		{F440E6D0-9AEC-4F08-961A-5026E29DF9DF}.Debug|Any CPU.ActiveCfg = Debug|Any CPU
		{F440E6D0-9AEC-4F08-961A-5026E29DF9DF}.Debug|Any CPU.Build.0 = Debug|Any CPU
		{F440E6D0-9AEC-4F08-961A-5026E29DF9DF}.Release|Any CPU.ActiveCfg = Release|Any CPU
		{F440E6D0-9AEC-4F08-961A-5026E29DF9DF}.Release|Any CPU.Build.0 = Release|Any CPU
		{1CE72418-656D-4D0E-BE40-E849D7DA68AD}.Debug|Any CPU.ActiveCfg = Debug|Any CPU
		{1CE72418-656D-4D0E-BE40-E849D7DA68AD}.Debug|Any CPU.Build.0 = Debug|Any CPU
		{1CE72418-656D-4D0E-BE40-E849D7DA68AD}.Release|Any CPU.ActiveCfg = Release|Any CPU
		{1CE72418-656D-4D0E-BE40-E849D7DA68AD}.Release|Any CPU.Build.0 = Release|Any CPU
		{05079059-371C-4E08-86E5-90A86C05E30F}.Debug|Any CPU.ActiveCfg = Debug|Any CPU
		{05079059-371C-4E08-86E5-90A86C05E30F}.Debug|Any CPU.Build.0 = Debug|Any CPU
		{05079059-371C-4E08-86E5-90A86C05E30F}.Release|Any CPU.ActiveCfg = Release|Any CPU
		{05079059-371C-4E08-86E5-90A86C05E30F}.Release|Any CPU.Build.0 = Release|Any CPU
		{890A4AFA-1836-4F32-A2DB-7FE1A8F2E073}.Debug|Any CPU.ActiveCfg = Debug|Any CPU
		{890A4AFA-1836-4F32-A2DB-7FE1A8F2E073}.Debug|Any CPU.Build.0 = Debug|Any CPU
		{890A4AFA-1836-4F32-A2DB-7FE1A8F2E073}.Release|Any CPU.ActiveCfg = Release|Any CPU
		{890A4AFA-1836-4F32-A2DB-7FE1A8F2E073}.Release|Any CPU.Build.0 = Release|Any CPU
		{5CA96656-24D3-468E-8AC4-6099E3763036}.Debug|Any CPU.ActiveCfg = Debug|Any CPU
		{5CA96656-24D3-468E-8AC4-6099E3763036}.Debug|Any CPU.Build.0 = Debug|Any CPU
		{5CA96656-24D3-468E-8AC4-6099E3763036}.Release|Any CPU.ActiveCfg = Release|Any CPU
		{5CA96656-24D3-468E-8AC4-6099E3763036}.Release|Any CPU.Build.0 = Release|Any CPU
		{755B5DFA-C5A7-4823-99F6-90E112617E0B}.Debug|Any CPU.ActiveCfg = Debug|Any CPU
		{755B5DFA-C5A7-4823-99F6-90E112617E0B}.Debug|Any CPU.Build.0 = Debug|Any CPU
		{755B5DFA-C5A7-4823-99F6-90E112617E0B}.Release|Any CPU.ActiveCfg = Release|Any CPU
		{755B5DFA-C5A7-4823-99F6-90E112617E0B}.Release|Any CPU.Build.0 = Release|Any CPU
		{3687AC0D-95A4-432D-9DC4-45585A6D41F5}.Debug|Any CPU.ActiveCfg = Debug|Any CPU
		{3687AC0D-95A4-432D-9DC4-45585A6D41F5}.Debug|Any CPU.Build.0 = Debug|Any CPU
		{3687AC0D-95A4-432D-9DC4-45585A6D41F5}.Release|Any CPU.ActiveCfg = Release|Any CPU
		{3687AC0D-95A4-432D-9DC4-45585A6D41F5}.Release|Any CPU.Build.0 = Release|Any CPU
		{9D1D0034-E068-4498-BE87-B047FD3DD60C}.Debug|Any CPU.ActiveCfg = Debug|Any CPU
		{9D1D0034-E068-4498-BE87-B047FD3DD60C}.Debug|Any CPU.Build.0 = Debug|Any CPU
		{9D1D0034-E068-4498-BE87-B047FD3DD60C}.Release|Any CPU.ActiveCfg = Release|Any CPU
		{9D1D0034-E068-4498-BE87-B047FD3DD60C}.Release|Any CPU.Build.0 = Release|Any CPU
		{EF81E951-F5C6-4F4D-B7EB-D79A27601ABE}.Debug|Any CPU.ActiveCfg = Debug|Any CPU
		{EF81E951-F5C6-4F4D-B7EB-D79A27601ABE}.Debug|Any CPU.Build.0 = Debug|Any CPU
		{EF81E951-F5C6-4F4D-B7EB-D79A27601ABE}.Release|Any CPU.ActiveCfg = Release|Any CPU
		{EF81E951-F5C6-4F4D-B7EB-D79A27601ABE}.Release|Any CPU.Build.0 = Release|Any CPU
		{FFB04983-365D-4318-9AC9-F5F255C55C0F}.Debug|Any CPU.ActiveCfg = Debug|Any CPU
		{FFB04983-365D-4318-9AC9-F5F255C55C0F}.Debug|Any CPU.Build.0 = Debug|Any CPU
		{FFB04983-365D-4318-9AC9-F5F255C55C0F}.Release|Any CPU.ActiveCfg = Release|Any CPU
		{FFB04983-365D-4318-9AC9-F5F255C55C0F}.Release|Any CPU.Build.0 = Release|Any CPU
		{1765242E-553B-4985-B668-AB2392E0D189}.Debug|Any CPU.ActiveCfg = Debug|Any CPU
		{1765242E-553B-4985-B668-AB2392E0D189}.Debug|Any CPU.Build.0 = Debug|Any CPU
		{1765242E-553B-4985-B668-AB2392E0D189}.Release|Any CPU.ActiveCfg = Release|Any CPU
		{1765242E-553B-4985-B668-AB2392E0D189}.Release|Any CPU.Build.0 = Release|Any CPU
		{9286EF9D-EAA1-49CF-AADC-86CF54E01661}.Debug|Any CPU.ActiveCfg = Debug|Any CPU
		{9286EF9D-EAA1-49CF-AADC-86CF54E01661}.Debug|Any CPU.Build.0 = Debug|Any CPU
		{9286EF9D-EAA1-49CF-AADC-86CF54E01661}.Release|Any CPU.ActiveCfg = Release|Any CPU
		{9286EF9D-EAA1-49CF-AADC-86CF54E01661}.Release|Any CPU.Build.0 = Release|Any CPU
		{984FE3C1-BB1F-4782-ACF1-665700E0BF32}.Debug|Any CPU.ActiveCfg = Debug|Any CPU
		{984FE3C1-BB1F-4782-ACF1-665700E0BF32}.Debug|Any CPU.Build.0 = Debug|Any CPU
		{984FE3C1-BB1F-4782-ACF1-665700E0BF32}.Release|Any CPU.ActiveCfg = Release|Any CPU
		{984FE3C1-BB1F-4782-ACF1-665700E0BF32}.Release|Any CPU.Build.0 = Release|Any CPU
		{A7079671-C974-4143-AB0E-611E771CEC52}.Debug|Any CPU.ActiveCfg = Debug|Any CPU
		{A7079671-C974-4143-AB0E-611E771CEC52}.Debug|Any CPU.Build.0 = Debug|Any CPU
		{A7079671-C974-4143-AB0E-611E771CEC52}.Release|Any CPU.ActiveCfg = Release|Any CPU
		{A7079671-C974-4143-AB0E-611E771CEC52}.Release|Any CPU.Build.0 = Release|Any CPU
		{8EC2E4AB-A3F3-477D-9C07-2EB3F3EE24C9}.Debug|Any CPU.ActiveCfg = Debug|Any CPU
		{8EC2E4AB-A3F3-477D-9C07-2EB3F3EE24C9}.Debug|Any CPU.Build.0 = Debug|Any CPU
		{8EC2E4AB-A3F3-477D-9C07-2EB3F3EE24C9}.Release|Any CPU.ActiveCfg = Release|Any CPU
		{8EC2E4AB-A3F3-477D-9C07-2EB3F3EE24C9}.Release|Any CPU.Build.0 = Release|Any CPU
		{59E4B4FF-82C3-45F9-AAFF-13855F560566}.Debug|Any CPU.ActiveCfg = Debug|Any CPU
		{59E4B4FF-82C3-45F9-AAFF-13855F560566}.Debug|Any CPU.Build.0 = Debug|Any CPU
		{59E4B4FF-82C3-45F9-AAFF-13855F560566}.Release|Any CPU.ActiveCfg = Release|Any CPU
		{59E4B4FF-82C3-45F9-AAFF-13855F560566}.Release|Any CPU.Build.0 = Release|Any CPU
		{09B53C0F-1777-49F8-B1CA-7C722D6FE620}.Debug|Any CPU.ActiveCfg = Debug|Any CPU
		{09B53C0F-1777-49F8-B1CA-7C722D6FE620}.Debug|Any CPU.Build.0 = Debug|Any CPU
		{09B53C0F-1777-49F8-B1CA-7C722D6FE620}.Release|Any CPU.ActiveCfg = Release|Any CPU
		{09B53C0F-1777-49F8-B1CA-7C722D6FE620}.Release|Any CPU.Build.0 = Release|Any CPU
		{9E31FA0C-07F1-4225-9A73-FAFBDFC8D207}.Debug|Any CPU.ActiveCfg = Debug|Any CPU
		{9E31FA0C-07F1-4225-9A73-FAFBDFC8D207}.Debug|Any CPU.Build.0 = Debug|Any CPU
		{9E31FA0C-07F1-4225-9A73-FAFBDFC8D207}.Release|Any CPU.ActiveCfg = Release|Any CPU
		{9E31FA0C-07F1-4225-9A73-FAFBDFC8D207}.Release|Any CPU.Build.0 = Release|Any CPU
		{EF1D3DB3-89B5-45EA-9A20-BE744A5D73C5}.Debug|Any CPU.ActiveCfg = Debug|Any CPU
		{EF1D3DB3-89B5-45EA-9A20-BE744A5D73C5}.Debug|Any CPU.Build.0 = Debug|Any CPU
		{EF1D3DB3-89B5-45EA-9A20-BE744A5D73C5}.Release|Any CPU.ActiveCfg = Release|Any CPU
		{EF1D3DB3-89B5-45EA-9A20-BE744A5D73C5}.Release|Any CPU.Build.0 = Release|Any CPU
		{19915BAE-7D54-4217-8C12-29A6F1A0F9E3}.Debug|Any CPU.ActiveCfg = Debug|Any CPU
		{19915BAE-7D54-4217-8C12-29A6F1A0F9E3}.Debug|Any CPU.Build.0 = Debug|Any CPU
		{19915BAE-7D54-4217-8C12-29A6F1A0F9E3}.Release|Any CPU.ActiveCfg = Release|Any CPU
		{19915BAE-7D54-4217-8C12-29A6F1A0F9E3}.Release|Any CPU.Build.0 = Release|Any CPU
		{73648E90-B90D-413C-9CCA-99ABDE05EA14}.Debug|Any CPU.ActiveCfg = Debug|Any CPU
		{73648E90-B90D-413C-9CCA-99ABDE05EA14}.Debug|Any CPU.Build.0 = Debug|Any CPU
		{73648E90-B90D-413C-9CCA-99ABDE05EA14}.Release|Any CPU.ActiveCfg = Release|Any CPU
		{73648E90-B90D-413C-9CCA-99ABDE05EA14}.Release|Any CPU.Build.0 = Release|Any CPU
		{F579B2C3-D685-426B-A5D8-7C51007EE454}.Debug|Any CPU.ActiveCfg = Debug|Any CPU
		{F579B2C3-D685-426B-A5D8-7C51007EE454}.Debug|Any CPU.Build.0 = Debug|Any CPU
		{F579B2C3-D685-426B-A5D8-7C51007EE454}.Release|Any CPU.ActiveCfg = Release|Any CPU
		{F579B2C3-D685-426B-A5D8-7C51007EE454}.Release|Any CPU.Build.0 = Release|Any CPU
		{DD73A82A-F10E-445B-ABBC-D07A5546E333}.Debug|Any CPU.ActiveCfg = Debug|Any CPU
		{DD73A82A-F10E-445B-ABBC-D07A5546E333}.Debug|Any CPU.Build.0 = Debug|Any CPU
		{DD73A82A-F10E-445B-ABBC-D07A5546E333}.Release|Any CPU.ActiveCfg = Release|Any CPU
		{DD73A82A-F10E-445B-ABBC-D07A5546E333}.Release|Any CPU.Build.0 = Release|Any CPU
		{9F5F3F6D-E5BB-4D7F-BCA0-ABAA2383399F}.Debug|Any CPU.ActiveCfg = Debug|Any CPU
		{9F5F3F6D-E5BB-4D7F-BCA0-ABAA2383399F}.Debug|Any CPU.Build.0 = Debug|Any CPU
		{9F5F3F6D-E5BB-4D7F-BCA0-ABAA2383399F}.Release|Any CPU.ActiveCfg = Release|Any CPU
		{9F5F3F6D-E5BB-4D7F-BCA0-ABAA2383399F}.Release|Any CPU.Build.0 = Release|Any CPU
		{3DDCB1D1-5FF5-4B59-87EE-C3EFABC56DEE}.Debug|Any CPU.ActiveCfg = Debug|Any CPU
		{3DDCB1D1-5FF5-4B59-87EE-C3EFABC56DEE}.Debug|Any CPU.Build.0 = Debug|Any CPU
		{3DDCB1D1-5FF5-4B59-87EE-C3EFABC56DEE}.Release|Any CPU.ActiveCfg = Release|Any CPU
		{3DDCB1D1-5FF5-4B59-87EE-C3EFABC56DEE}.Release|Any CPU.Build.0 = Release|Any CPU
		{E3886646-5755-4D8C-BD1C-613F4D2C3623}.Debug|Any CPU.ActiveCfg = Debug|Any CPU
		{E3886646-5755-4D8C-BD1C-613F4D2C3623}.Debug|Any CPU.Build.0 = Debug|Any CPU
		{E3886646-5755-4D8C-BD1C-613F4D2C3623}.Release|Any CPU.ActiveCfg = Release|Any CPU
		{E3886646-5755-4D8C-BD1C-613F4D2C3623}.Release|Any CPU.Build.0 = Release|Any CPU
	EndGlobalSection
	GlobalSection(SolutionProperties) = preSolution
		HideSolutionNode = FALSE
	EndGlobalSection
	GlobalSection(NestedProjects) = preSolution
		{890A4AFA-1836-4F32-A2DB-7FE1A8F2E073} = {B3DE3504-574E-46C1-B88B-0D9AC896DBB6}
		{5CA96656-24D3-468E-8AC4-6099E3763036} = {B1332A5C-6A64-4390-A8DD-8AE0924D7496}
		{B1332A5C-6A64-4390-A8DD-8AE0924D7496} = {1D5F1E7C-EC88-4DFF-8CDD-2529A039BEA8}
		{B3DE3504-574E-46C1-B88B-0D9AC896DBB6} = {1D5F1E7C-EC88-4DFF-8CDD-2529A039BEA8}
		{755B5DFA-C5A7-4823-99F6-90E112617E0B} = {B1332A5C-6A64-4390-A8DD-8AE0924D7496}
		{42FA297A-3FA9-4990-AD39-26907492D3EB} = {1D5F1E7C-EC88-4DFF-8CDD-2529A039BEA8}
		{9D1D0034-E068-4498-BE87-B047FD3DD60C} = {42FA297A-3FA9-4990-AD39-26907492D3EB}
		{EF81E951-F5C6-4F4D-B7EB-D79A27601ABE} = {42FA297A-3FA9-4990-AD39-26907492D3EB}
		{FFB04983-365D-4318-9AC9-F5F255C55C0F} = {B1332A5C-6A64-4390-A8DD-8AE0924D7496}
		{1765242E-553B-4985-B668-AB2392E0D189} = {42FA297A-3FA9-4990-AD39-26907492D3EB}
		{984FE3C1-BB1F-4782-ACF1-665700E0BF32} = {42FA297A-3FA9-4990-AD39-26907492D3EB}
		{A7079671-C974-4143-AB0E-611E771CEC52} = {3441D2B8-080D-4D5D-9FFC-4D2D6A28B2EE}
		{8EC2E4AB-A3F3-477D-9C07-2EB3F3EE24C9} = {3441D2B8-080D-4D5D-9FFC-4D2D6A28B2EE}
		{59E4B4FF-82C3-45F9-AAFF-13855F560566} = {3441D2B8-080D-4D5D-9FFC-4D2D6A28B2EE}
		{09B53C0F-1777-49F8-B1CA-7C722D6FE620} = {3441D2B8-080D-4D5D-9FFC-4D2D6A28B2EE}
		{9E31FA0C-07F1-4225-9A73-FAFBDFC8D207} = {3441D2B8-080D-4D5D-9FFC-4D2D6A28B2EE}
		{EF1D3DB3-89B5-45EA-9A20-BE744A5D73C5} = {B1332A5C-6A64-4390-A8DD-8AE0924D7496}
		{3DDCB1D1-5FF5-4B59-87EE-C3EFABC56DEE} = {8630FE7D-779E-4C38-91F5-0017C6AD091F}
	EndGlobalSection
	GlobalSection(ExtensibilityGlobals) = postSolution
		SolutionGuid = {D8957595-09C3-4BAC-9BDB-3B23C5494E92}
	EndGlobalSection
EndGlobal
